
Microsoft Visual Studio Solution File, Format Version 12.00
# Visual Studio Version 17
VisualStudioVersion = 17.5.33516.290
MinimumVisualStudioVersion = 10.0.40219.1
Project("{9A19103F-16F7-4668-BE54-9A1E7A4F7556}") = "BookstoreApi", "BookstoreApi\BookstoreApi.csproj", "{0C7E7327-951B-494A-8902-911C55548C0B}"
EndProject
Project("{9A19103F-16F7-4668-BE54-9A1E7A4F7556}") = "test", "test\test.csproj", "{1FF8FD76-020F-490C-9BBA-E79FDF46AB48}"
EndProject
Global
	GlobalSection(SolutionConfigurationPlatforms) = preSolution
		Debug|Any CPU = Debug|Any CPU
		Release|Any CPU = Release|Any CPU
	EndGlobalSection
	GlobalSection(ProjectConfigurationPlatforms) = postSolution
		{0C7E7327-951B-494A-8902-911C55548C0B}.Debug|Any CPU.ActiveCfg = Debug|Any CPU
		{0C7E7327-951B-494A-8902-911C55548C0B}.Debug|Any CPU.Build.0 = Debug|Any CPU
		{0C7E7327-951B-494A-8902-911C55548C0B}.Release|Any CPU.ActiveCfg = Release|Any CPU
		{0C7E7327-951B-494A-8902-911C55548C0B}.Release|Any CPU.Build.0 = Release|Any CPU
		{1FF8FD76-020F-490C-9BBA-E79FDF46AB48}.Debug|Any CPU.ActiveCfg = Debug|Any CPU
		{1FF8FD76-020F-490C-9BBA-E79FDF46AB48}.Debug|Any CPU.Build.0 = Debug|Any CPU
		{1FF8FD76-020F-490C-9BBA-E79FDF46AB48}.Release|Any CPU.ActiveCfg = Release|Any CPU
		{1FF8FD76-020F-490C-9BBA-E79FDF46AB48}.Release|Any CPU.Build.0 = Release|Any CPU
	EndGlobalSection
	GlobalSection(SolutionProperties) = preSolution
		HideSolutionNode = FALSE
	EndGlobalSection
	GlobalSection(ExtensibilityGlobals) = postSolution
		SolutionGuid = {B5A27197-47BB-449F-AF9A-B7257215D993}
	EndGlobalSection
EndGlobal
